// !$*UTF8*$!
{
	archiveVersion = 1;
	classes = {
	};
	objectVersion = 50;
	objects = {

/* Begin PBXBuildFile section */
		C76F999C2558936E00027C59 /* README.md in Resources */ = {isa = PBXBuildFile; fileRef = C76F999B2558936E00027C59 /* README.md */; };
		C76F99A125589E8E00027C59 /* Key.plist in Resources */ = {isa = PBXBuildFile; fileRef = C76F99A025589E8E00027C59 /* Key.plist */; };
		C76F99A42558A02000027C59 /* Key-SAMPLE.plist in Resources */ = {isa = PBXBuildFile; fileRef = C76F99A32558A02000027C59 /* Key-SAMPLE.plist */; };
		C76F99A82559670100027C59 /* se.json in Resources */ = {isa = PBXBuildFile; fileRef = C76F99A72559670100027C59 /* se.json */; };
		C76F99AB2559922700027C59 /* NewsService.swift in Sources */ = {isa = PBXBuildFile; fileRef = C76F99AA2559922700027C59 /* NewsService.swift */; };
		C76F99AE25599A1B00027C59 /* us.json in Resources */ = {isa = PBXBuildFile; fileRef = C76F99AD25599A1A00027C59 /* us.json */; };
		C76F99B1255A93B800027C59 /* CachedImageView.swift in Sources */ = {isa = PBXBuildFile; fileRef = C76F99B0255A93B800027C59 /* CachedImageView.swift */; };
		C76F99B4255A940300027C59 /* TopHeadlineCell.swift in Sources */ = {isa = PBXBuildFile; fileRef = C76F99B3255A940300027C59 /* TopHeadlineCell.swift */; };
		C7A983F7255890070012F021 /* AppDelegate.swift in Sources */ = {isa = PBXBuildFile; fileRef = C7A983F6255890070012F021 /* AppDelegate.swift */; };
		C7A983F9255890070012F021 /* SceneDelegate.swift in Sources */ = {isa = PBXBuildFile; fileRef = C7A983F8255890070012F021 /* SceneDelegate.swift */; };
		C7A983FB255890070012F021 /* TopHeadlinesViewController.swift in Sources */ = {isa = PBXBuildFile; fileRef = C7A983FA255890070012F021 /* TopHeadlinesViewController.swift */; };
		C7A98400255890080012F021 /* Assets.xcassets in Resources */ = {isa = PBXBuildFile; fileRef = C7A983FF255890080012F021 /* Assets.xcassets */; };
		C7A98403255890080012F021 /* LaunchScreen.storyboard in Resources */ = {isa = PBXBuildFile; fileRef = C7A98401255890080012F021 /* LaunchScreen.storyboard */; };
/* End PBXBuildFile section */

/* Begin PBXFileReference section */
		C76F999B2558936E00027C59 /* README.md */ = {isa = PBXFileReference; fileEncoding = 4; lastKnownFileType = net.daringfireball.markdown; path = README.md; sourceTree = "<group>"; };
		C76F99A025589E8E00027C59 /* Key.plist */ = {isa = PBXFileReference; lastKnownFileType = text.plist.xml; path = Key.plist; sourceTree = "<group>"; };
		C76F99A32558A02000027C59 /* Key-SAMPLE.plist */ = {isa = PBXFileReference; lastKnownFileType = text.plist.xml; path = "Key-SAMPLE.plist"; sourceTree = "<group>"; };
		C76F99A72559670100027C59 /* se.json */ = {isa = PBXFileReference; fileEncoding = 4; lastKnownFileType = text.json; path = se.json; sourceTree = "<group>"; };
		C76F99AA2559922700027C59 /* NewsService.swift */ = {isa = PBXFileReference; lastKnownFileType = sourcecode.swift; path = NewsService.swift; sourceTree = "<group>"; };
		C76F99AD25599A1A00027C59 /* us.json */ = {isa = PBXFileReference; fileEncoding = 4; lastKnownFileType = text.json; path = us.json; sourceTree = "<group>"; };
		C76F99B0255A93B800027C59 /* CachedImageView.swift */ = {isa = PBXFileReference; lastKnownFileType = sourcecode.swift; path = CachedImageView.swift; sourceTree = "<group>"; };
		C76F99B3255A940300027C59 /* TopHeadlineCell.swift */ = {isa = PBXFileReference; lastKnownFileType = sourcecode.swift; path = TopHeadlineCell.swift; sourceTree = "<group>"; };
		C7A983F3255890070012F021 /* DailyNews.app */ = {isa = PBXFileReference; explicitFileType = wrapper.application; includeInIndex = 0; path = DailyNews.app; sourceTree = BUILT_PRODUCTS_DIR; };
		C7A983F6255890070012F021 /* AppDelegate.swift */ = {isa = PBXFileReference; lastKnownFileType = sourcecode.swift; path = AppDelegate.swift; sourceTree = "<group>"; };
		C7A983F8255890070012F021 /* SceneDelegate.swift */ = {isa = PBXFileReference; lastKnownFileType = sourcecode.swift; path = SceneDelegate.swift; sourceTree = "<group>"; };
		C7A983FA255890070012F021 /* TopHeadlinesViewController.swift */ = {isa = PBXFileReference; lastKnownFileType = sourcecode.swift; path = TopHeadlinesViewController.swift; sourceTree = "<group>"; };
		C7A983FF255890080012F021 /* Assets.xcassets */ = {isa = PBXFileReference; lastKnownFileType = folder.assetcatalog; path = Assets.xcassets; sourceTree = "<group>"; };
		C7A98402255890080012F021 /* Base */ = {isa = PBXFileReference; lastKnownFileType = file.storyboard; name = Base; path = Base.lproj/LaunchScreen.storyboard; sourceTree = "<group>"; };
		C7A98404255890080012F021 /* Info.plist */ = {isa = PBXFileReference; lastKnownFileType = text.plist.xml; path = Info.plist; sourceTree = "<group>"; };
/* End PBXFileReference section */

/* Begin PBXFrameworksBuildPhase section */
		C7A983F0255890070012F021 /* Frameworks */ = {
			isa = PBXFrameworksBuildPhase;
			buildActionMask = 2147483647;
			files = (
			);
			runOnlyForDeploymentPostprocessing = 0;
		};
/* End PBXFrameworksBuildPhase section */

/* Begin PBXGroup section */
		C7A983EA255890070012F021 = {
			isa = PBXGroup;
			children = (
				C76F999B2558936E00027C59 /* README.md */,
				C7A983F5255890070012F021 /* DailyNews */,
				C7A983F4255890070012F021 /* Products */,
			);
			sourceTree = "<group>";
		};
		C7A983F4255890070012F021 /* Products */ = {
			isa = PBXGroup;
			children = (
				C7A983F3255890070012F021 /* DailyNews.app */,
			);
			name = Products;
			sourceTree = "<group>";
		};
		C7A983F5255890070012F021 /* DailyNews */ = {
			isa = PBXGroup;
			children = (
				C76F99AD25599A1A00027C59 /* us.json */,
				C76F99A72559670100027C59 /* se.json */,
				C7A983F6255890070012F021 /* AppDelegate.swift */,
				C7A983F8255890070012F021 /* SceneDelegate.swift */,
				C76F99AA2559922700027C59 /* NewsService.swift */,
				C7A983FA255890070012F021 /* TopHeadlinesViewController.swift */,
				C76F99B3255A940300027C59 /* TopHeadlineCell.swift */,
				C76F99B0255A93B800027C59 /* CachedImageView.swift */,
				C7A983FF255890080012F021 /* Assets.xcassets */,
				C7A98401255890080012F021 /* LaunchScreen.storyboard */,
				C7A98404255890080012F021 /* Info.plist */,
				C76F99A025589E8E00027C59 /* Key.plist */,
				C76F99A32558A02000027C59 /* Key-SAMPLE.plist */,
			);
			path = DailyNews;
			sourceTree = "<group>";
		};
/* End PBXGroup section */

/* Begin PBXNativeTarget section */
		C7A983F2255890070012F021 /* DailyNews */ = {
			isa = PBXNativeTarget;
			buildConfigurationList = C7A98407255890080012F021 /* Build configuration list for PBXNativeTarget "DailyNews" */;
			buildPhases = (
				C7A983EF255890070012F021 /* Sources */,
				C7A983F0255890070012F021 /* Frameworks */,
				C7A983F1255890070012F021 /* Resources */,
			);
			buildRules = (
			);
			dependencies = (
			);
			name = DailyNews;
			productName = DailyNews;
			productReference = C7A983F3255890070012F021 /* DailyNews.app */;
			productType = "com.apple.product-type.application";
		};
/* End PBXNativeTarget section */

/* Begin PBXProject section */
		C7A983EB255890070012F021 /* Project object */ = {
			isa = PBXProject;
			attributes = {
				LastSwiftUpdateCheck = 1210;
				LastUpgradeCheck = 1210;
				TargetAttributes = {
					C7A983F2255890070012F021 = {
						CreatedOnToolsVersion = 12.1;
					};
				};
			};
			buildConfigurationList = C7A983EE255890070012F021 /* Build configuration list for PBXProject "DailyNews" */;
			compatibilityVersion = "Xcode 9.3";
			developmentRegion = en;
			hasScannedForEncodings = 0;
			knownRegions = (
				en,
				Base,
			);
			mainGroup = C7A983EA255890070012F021;
			productRefGroup = C7A983F4255890070012F021 /* Products */;
			projectDirPath = "";
			projectRoot = "";
			targets = (
				C7A983F2255890070012F021 /* DailyNews */,
			);
		};
/* End PBXProject section */

/* Begin PBXResourcesBuildPhase section */
		C7A983F1255890070012F021 /* Resources */ = {
			isa = PBXResourcesBuildPhase;
			buildActionMask = 2147483647;
			files = (
				C76F99A42558A02000027C59 /* Key-SAMPLE.plist in Resources */,
				C76F99AE25599A1B00027C59 /* us.json in Resources */,
				C76F99A125589E8E00027C59 /* Key.plist in Resources */,
				C7A98403255890080012F021 /* LaunchScreen.storyboard in Resources */,
				C76F99A82559670100027C59 /* se.json in Resources */,
				C7A98400255890080012F021 /* Assets.xcassets in Resources */,
				C76F999C2558936E00027C59 /* README.md in Resources */,
			);
			runOnlyForDeploymentPostprocessing = 0;
		};
/* End PBXResourcesBuildPhase section */

/* Begin PBXSourcesBuildPhase section */
		C7A983EF255890070012F021 /* Sources */ = {
			isa = PBXSourcesBuildPhase;
			buildActionMask = 2147483647;
			files = (
				C7A983FB255890070012F021 /* TopHeadlinesViewController.swift in Sources */,
				C7A983F7255890070012F021 /* AppDelegate.swift in Sources */,
				C76F99B1255A93B800027C59 /* CachedImageView.swift in Sources */,
				C76F99B4255A940300027C59 /* TopHeadlineCell.swift in Sources */,
				C76F99AB2559922700027C59 /* NewsService.swift in Sources */,
				C7A983F9255890070012F021 /* SceneDelegate.swift in Sources */,
			);
			runOnlyForDeploymentPostprocessing = 0;
		};
/* End PBXSourcesBuildPhase section */

/* Begin PBXVariantGroup section */
		C7A98401255890080012F021 /* LaunchScreen.storyboard */ = {
			isa = PBXVariantGroup;
			children = (
				C7A98402255890080012F021 /* Base */,
			);
			name = LaunchScreen.storyboard;
			sourceTree = "<group>";
		};
/* End PBXVariantGroup section */

/* Begin XCBuildConfiguration section */
		C7A98405255890080012F021 /* Debug */ = {
			isa = XCBuildConfiguration;
			buildSettings = {
				ALWAYS_SEARCH_USER_PATHS = NO;
				CLANG_ANALYZER_NONNULL = YES;
				CLANG_ANALYZER_NUMBER_OBJECT_CONVERSION = YES_AGGRESSIVE;
				CLANG_CXX_LANGUAGE_STANDARD = "gnu++14";
				CLANG_CXX_LIBRARY = "libc++";
				CLANG_ENABLE_MODULES = YES;
				CLANG_ENABLE_OBJC_ARC = YES;
				CLANG_ENABLE_OBJC_WEAK = YES;
				CLANG_WARN_BLOCK_CAPTURE_AUTORELEASING = YES;
				CLANG_WARN_BOOL_CONVERSION = YES;
				CLANG_WARN_COMMA = YES;
				CLANG_WARN_CONSTANT_CONVERSION = YES;
				CLANG_WARN_DEPRECATED_OBJC_IMPLEMENTATIONS = YES;
				CLANG_WARN_DIRECT_OBJC_ISA_USAGE = YES_ERROR;
				CLANG_WARN_DOCUMENTATION_COMMENTS = YES;
				CLANG_WARN_EMPTY_BODY = YES;
				CLANG_WARN_ENUM_CONVERSION = YES;
				CLANG_WARN_INFINITE_RECURSION = YES;
				CLANG_WARN_INT_CONVERSION = YES;
				CLANG_WARN_NON_LITERAL_NULL_CONVERSION = YES;
				CLANG_WARN_OBJC_IMPLICIT_RETAIN_SELF = YES;
				CLANG_WARN_OBJC_LITERAL_CONVERSION = YES;
				CLANG_WARN_OBJC_ROOT_CLASS = YES_ERROR;
				CLANG_WARN_QUOTED_INCLUDE_IN_FRAMEWORK_HEADER = YES;
				CLANG_WARN_RANGE_LOOP_ANALYSIS = YES;
				CLANG_WARN_STRICT_PROTOTYPES = YES;
				CLANG_WARN_SUSPICIOUS_MOVE = YES;
				CLANG_WARN_UNGUARDED_AVAILABILITY = YES_AGGRESSIVE;
				CLANG_WARN_UNREACHABLE_CODE = YES;
				CLANG_WARN__DUPLICATE_METHOD_MATCH = YES;
				COPY_PHASE_STRIP = NO;
				DEBUG_INFORMATION_FORMAT = dwarf;
				ENABLE_STRICT_OBJC_MSGSEND = YES;
				ENABLE_TESTABILITY = YES;
				GCC_C_LANGUAGE_STANDARD = gnu11;
				GCC_DYNAMIC_NO_PIC = NO;
				GCC_NO_COMMON_BLOCKS = YES;
				GCC_OPTIMIZATION_LEVEL = 0;
				GCC_PREPROCESSOR_DEFINITIONS = (
					"DEBUG=1",
					"$(inherited)",
				);
				GCC_WARN_64_TO_32_BIT_CONVERSION = YES;
				GCC_WARN_ABOUT_RETURN_TYPE = YES_ERROR;
				GCC_WARN_UNDECLARED_SELECTOR = YES;
				GCC_WARN_UNINITIALIZED_AUTOS = YES_AGGRESSIVE;
				GCC_WARN_UNUSED_FUNCTION = YES;
				GCC_WARN_UNUSED_VARIABLE = YES;
				IPHONEOS_DEPLOYMENT_TARGET = 14.1;
				MTL_ENABLE_DEBUG_INFO = INCLUDE_SOURCE;
				MTL_FAST_MATH = YES;
				ONLY_ACTIVE_ARCH = YES;
				SDKROOT = iphoneos;
				SWIFT_ACTIVE_COMPILATION_CONDITIONS = DEBUG;
				SWIFT_OPTIMIZATION_LEVEL = "-Onone";
			};
			name = Debug;
		};
		C7A98406255890080012F021 /* Release */ = {
			isa = XCBuildConfiguration;
			buildSettings = {
				ALWAYS_SEARCH_USER_PATHS = NO;
				CLANG_ANALYZER_NONNULL = YES;
				CLANG_ANALYZER_NUMBER_OBJECT_CONVERSION = YES_AGGRESSIVE;
				CLANG_CXX_LANGUAGE_STANDARD = "gnu++14";
				CLANG_CXX_LIBRARY = "libc++";
				CLANG_ENABLE_MODULES = YES;
				CLANG_ENABLE_OBJC_ARC = YES;
				CLANG_ENABLE_OBJC_WEAK = YES;
				CLANG_WARN_BLOCK_CAPTURE_AUTORELEASING = YES;
				CLANG_WARN_BOOL_CONVERSION = YES;
				CLANG_WARN_COMMA = YES;
				CLANG_WARN_CONSTANT_CONVERSION = YES;
				CLANG_WARN_DEPRECATED_OBJC_IMPLEMENTATIONS = YES;
				CLANG_WARN_DIRECT_OBJC_ISA_USAGE = YES_ERROR;
				CLANG_WARN_DOCUMENTATION_COMMENTS = YES;
				CLANG_WARN_EMPTY_BODY = YES;
				CLANG_WARN_ENUM_CONVERSION = YES;
				CLANG_WARN_INFINITE_RECURSION = YES;
				CLANG_WARN_INT_CONVERSION = YES;
				CLANG_WARN_NON_LITERAL_NULL_CONVERSION = YES;
				CLANG_WARN_OBJC_IMPLICIT_RETAIN_SELF = YES;
				CLANG_WARN_OBJC_LITERAL_CONVERSION = YES;
				CLANG_WARN_OBJC_ROOT_CLASS = YES_ERROR;
				CLANG_WARN_QUOTED_INCLUDE_IN_FRAMEWORK_HEADER = YES;
				CLANG_WARN_RANGE_LOOP_ANALYSIS = YES;
				CLANG_WARN_STRICT_PROTOTYPES = YES;
				CLANG_WARN_SUSPICIOUS_MOVE = YES;
				CLANG_WARN_UNGUARDED_AVAILABILITY = YES_AGGRESSIVE;
				CLANG_WARN_UNREACHABLE_CODE = YES;
				CLANG_WARN__DUPLICATE_METHOD_MATCH = YES;
				COPY_PHASE_STRIP = NO;
				DEBUG_INFORMATION_FORMAT = "dwarf-with-dsym";
				ENABLE_NS_ASSERTIONS = NO;
				ENABLE_STRICT_OBJC_MSGSEND = YES;
				GCC_C_LANGUAGE_STANDARD = gnu11;
				GCC_NO_COMMON_BLOCKS = YES;
				GCC_WARN_64_TO_32_BIT_CONVERSION = YES;
				GCC_WARN_ABOUT_RETURN_TYPE = YES_ERROR;
				GCC_WARN_UNDECLARED_SELECTOR = YES;
				GCC_WARN_UNINITIALIZED_AUTOS = YES_AGGRESSIVE;
				GCC_WARN_UNUSED_FUNCTION = YES;
				GCC_WARN_UNUSED_VARIABLE = YES;
				IPHONEOS_DEPLOYMENT_TARGET = 14.1;
				MTL_ENABLE_DEBUG_INFO = NO;
				MTL_FAST_MATH = YES;
				SDKROOT = iphoneos;
				SWIFT_COMPILATION_MODE = wholemodule;
				SWIFT_OPTIMIZATION_LEVEL = "-O";
				VALIDATE_PRODUCT = YES;
			};
			name = Release;
		};
		C7A98408255890080012F021 /* Debug */ = {
			isa = XCBuildConfiguration;
			buildSettings = {
				ASSETCATALOG_COMPILER_APPICON_NAME = AppIcon;
				ASSETCATALOG_COMPILER_GLOBAL_ACCENT_COLOR_NAME = AccentColor;
				CODE_SIGN_STYLE = Automatic;
				DEVELOPMENT_TEAM = VR2MC4FZ27;
				INFOPLIST_FILE = DailyNews/Info.plist;
				LD_RUNPATH_SEARCH_PATHS = (
					"$(inherited)",
					"@executable_path/Frameworks",
				);
				PRODUCT_BUNDLE_IDENTIFIER = se.kaibutsu.DailyNews;
				PRODUCT_NAME = "$(TARGET_NAME)";
				SWIFT_VERSION = 5.0;
				TARGETED_DEVICE_FAMILY = 1;
			};
			name = Debug;
		};
		C7A98409255890080012F021 /* Release */ = {
			isa = XCBuildConfiguration;
			buildSettings = {
				ASSETCATALOG_COMPILER_APPICON_NAME = AppIcon;
				ASSETCATALOG_COMPILER_GLOBAL_ACCENT_COLOR_NAME = AccentColor;
				CODE_SIGN_STYLE = Automatic;
				DEVELOPMENT_TEAM = VR2MC4FZ27;
				INFOPLIST_FILE = DailyNews/Info.plist;
				LD_RUNPATH_SEARCH_PATHS = (
					"$(inherited)",
					"@executable_path/Frameworks",
				);
				PRODUCT_BUNDLE_IDENTIFIER = se.kaibutsu.DailyNews;
				PRODUCT_NAME = "$(TARGET_NAME)";
				SWIFT_VERSION = 5.0;
				TARGETED_DEVICE_FAMILY = 1;
			};
			name = Release;
		};
/* End XCBuildConfiguration section */

/* Begin XCConfigurationList section */
		C7A983EE255890070012F021 /* Build configuration list for PBXProject "DailyNews" */ = {
			isa = XCConfigurationList;
			buildConfigurations = (
				C7A98405255890080012F021 /* Debug */,
				C7A98406255890080012F021 /* Release */,
			);
			defaultConfigurationIsVisible = 0;
			defaultConfigurationName = Release;
		};
		C7A98407255890080012F021 /* Build configuration list for PBXNativeTarget "DailyNews" */ = {
			isa = XCConfigurationList;
			buildConfigurations = (
				C7A98408255890080012F021 /* Debug */,
				C7A98409255890080012F021 /* Release */,
			);
			defaultConfigurationIsVisible = 0;
			defaultConfigurationName = Release;
		};
/* End XCConfigurationList section */
	};
	rootObject = C7A983EB255890070012F021 /* Project object */;
}
